
Microsoft Visual Studio Solution File, Format Version 12.00
# Visual Studio 14
VisualStudioVersion = 14.0.25420.1
MinimumVisualStudioVersion = 10.0.40219.1
Project("{FAE04EC0-301F-11D3-BF4B-00C04F79EFBC}") = "Wine.Droid", "Wine\Wine.Droid\Wine.Droid.csproj", "{DCB87FD6-BCC8-4FB7-B743-A756F8FB9F58}"
EndProject
Project("{FAE04EC0-301F-11D3-BF4B-00C04F79EFBC}") = "Wine.iOS", "Wine\Wine.iOS\Wine.iOS.csproj", "{121472EC-D338-4EC0-B977-D1433F9F58EB}"
EndProject
Project("{FAE04EC0-301F-11D3-BF4B-00C04F79EFBC}") = "Wine.WinPhone", "Wine\Wine.WinPhone\Wine.WinPhone.csproj", "{3FBA9E15-D586-4793-A621-579F71DEAEEF}"
EndProject
Project("{FAE04EC0-301F-11D3-BF4B-00C04F79EFBC}") = "Wine.Windows", "Wine\Wine.Windows\Wine.Windows.csproj", "{D24FE036-606A-4166-A970-774513469131}"
EndProject
Project("{FAE04EC0-301F-11D3-BF4B-00C04F79EFBC}") = "Wine", "Wine\Wine\Wine.csproj", "{42705F16-1A50-4A38-961C-7ED788FD2361}"
EndProject
Global
	GlobalSection(SolutionConfigurationPlatforms) = preSolution
		Ad-Hoc|Any CPU = Ad-Hoc|Any CPU
		Ad-Hoc|ARM = Ad-Hoc|ARM
		Ad-Hoc|iPhone = Ad-Hoc|iPhone
		Ad-Hoc|iPhoneSimulator = Ad-Hoc|iPhoneSimulator
		Ad-Hoc|x64 = Ad-Hoc|x64
		Ad-Hoc|x86 = Ad-Hoc|x86
		AppStore|Any CPU = AppStore|Any CPU
		AppStore|ARM = AppStore|ARM
		AppStore|iPhone = AppStore|iPhone
		AppStore|iPhoneSimulator = AppStore|iPhoneSimulator
		AppStore|x64 = AppStore|x64
		AppStore|x86 = AppStore|x86
		Debug|Any CPU = Debug|Any CPU
		Debug|ARM = Debug|ARM
		Debug|iPhone = Debug|iPhone
		Debug|iPhoneSimulator = Debug|iPhoneSimulator
		Debug|x64 = Debug|x64
		Debug|x86 = Debug|x86
		Release|Any CPU = Release|Any CPU
		Release|ARM = Release|ARM
		Release|iPhone = Release|iPhone
		Release|iPhoneSimulator = Release|iPhoneSimulator
		Release|x64 = Release|x64
		Release|x86 = Release|x86
	EndGlobalSection
	GlobalSection(ProjectConfigurationPlatforms) = postSolution
		{DCB87FD6-BCC8-4FB7-B743-A756F8FB9F58}.Ad-Hoc|Any CPU.ActiveCfg = Release|Any CPU
		{DCB87FD6-BCC8-4FB7-B743-A756F8FB9F58}.Ad-Hoc|Any CPU.Build.0 = Release|Any CPU
		{DCB87FD6-BCC8-4FB7-B743-A756F8FB9F58}.Ad-Hoc|Any CPU.Deploy.0 = Release|Any CPU
		{DCB87FD6-BCC8-4FB7-B743-A756F8FB9F58}.Ad-Hoc|ARM.ActiveCfg = Release|Any CPU
		{DCB87FD6-BCC8-4FB7-B743-A756F8FB9F58}.Ad-Hoc|ARM.Build.0 = Release|Any CPU
		{DCB87FD6-BCC8-4FB7-B743-A756F8FB9F58}.Ad-Hoc|ARM.Deploy.0 = Release|Any CPU
		{DCB87FD6-BCC8-4FB7-B743-A756F8FB9F58}.Ad-Hoc|iPhone.ActiveCfg = Release|Any CPU
		{DCB87FD6-BCC8-4FB7-B743-A756F8FB9F58}.Ad-Hoc|iPhone.Build.0 = Release|Any CPU
		{DCB87FD6-BCC8-4FB7-B743-A756F8FB9F58}.Ad-Hoc|iPhone.Deploy.0 = Release|Any CPU
		{DCB87FD6-BCC8-4FB7-B743-A756F8FB9F58}.Ad-Hoc|iPhoneSimulator.ActiveCfg = Release|Any CPU
		{DCB87FD6-BCC8-4FB7-B743-A756F8FB9F58}.Ad-Hoc|iPhoneSimulator.Build.0 = Release|Any CPU
		{DCB87FD6-BCC8-4FB7-B743-A756F8FB9F58}.Ad-Hoc|iPhoneSimulator.Deploy.0 = Release|Any CPU
		{DCB87FD6-BCC8-4FB7-B743-A756F8FB9F58}.Ad-Hoc|x64.ActiveCfg = Release|Any CPU
		{DCB87FD6-BCC8-4FB7-B743-A756F8FB9F58}.Ad-Hoc|x64.Build.0 = Release|Any CPU
		{DCB87FD6-BCC8-4FB7-B743-A756F8FB9F58}.Ad-Hoc|x64.Deploy.0 = Release|Any CPU
		{DCB87FD6-BCC8-4FB7-B743-A756F8FB9F58}.Ad-Hoc|x86.ActiveCfg = Release|Any CPU
		{DCB87FD6-BCC8-4FB7-B743-A756F8FB9F58}.Ad-Hoc|x86.Build.0 = Release|Any CPU
		{DCB87FD6-BCC8-4FB7-B743-A756F8FB9F58}.Ad-Hoc|x86.Deploy.0 = Release|Any CPU
		{DCB87FD6-BCC8-4FB7-B743-A756F8FB9F58}.AppStore|Any CPU.ActiveCfg = Release|Any CPU
		{DCB87FD6-BCC8-4FB7-B743-A756F8FB9F58}.AppStore|Any CPU.Build.0 = Release|Any CPU
		{DCB87FD6-BCC8-4FB7-B743-A756F8FB9F58}.AppStore|Any CPU.Deploy.0 = Release|Any CPU
		{DCB87FD6-BCC8-4FB7-B743-A756F8FB9F58}.AppStore|ARM.ActiveCfg = Release|Any CPU
		{DCB87FD6-BCC8-4FB7-B743-A756F8FB9F58}.AppStore|ARM.Build.0 = Release|Any CPU
		{DCB87FD6-BCC8-4FB7-B743-A756F8FB9F58}.AppStore|ARM.Deploy.0 = Release|Any CPU
		{DCB87FD6-BCC8-4FB7-B743-A756F8FB9F58}.AppStore|iPhone.ActiveCfg = Release|Any CPU
		{DCB87FD6-BCC8-4FB7-B743-A756F8FB9F58}.AppStore|iPhone.Build.0 = Release|Any CPU
		{DCB87FD6-BCC8-4FB7-B743-A756F8FB9F58}.AppStore|iPhone.Deploy.0 = Release|Any CPU
		{DCB87FD6-BCC8-4FB7-B743-A756F8FB9F58}.AppStore|iPhoneSimulator.ActiveCfg = Release|Any CPU
		{DCB87FD6-BCC8-4FB7-B743-A756F8FB9F58}.AppStore|iPhoneSimulator.Build.0 = Release|Any CPU
		{DCB87FD6-BCC8-4FB7-B743-A756F8FB9F58}.AppStore|iPhoneSimulator.Deploy.0 = Release|Any CPU
		{DCB87FD6-BCC8-4FB7-B743-A756F8FB9F58}.AppStore|x64.ActiveCfg = Release|Any CPU
		{DCB87FD6-BCC8-4FB7-B743-A756F8FB9F58}.AppStore|x64.Build.0 = Release|Any CPU
		{DCB87FD6-BCC8-4FB7-B743-A756F8FB9F58}.AppStore|x64.Deploy.0 = Release|Any CPU
		{DCB87FD6-BCC8-4FB7-B743-A756F8FB9F58}.AppStore|x86.ActiveCfg = Release|Any CPU
		{DCB87FD6-BCC8-4FB7-B743-A756F8FB9F58}.AppStore|x86.Build.0 = Release|Any CPU
		{DCB87FD6-BCC8-4FB7-B743-A756F8FB9F58}.AppStore|x86.Deploy.0 = Release|Any CPU
		{DCB87FD6-BCC8-4FB7-B743-A756F8FB9F58}.Debug|Any CPU.ActiveCfg = Debug|Any CPU
		{DCB87FD6-BCC8-4FB7-B743-A756F8FB9F58}.Debug|Any CPU.Build.0 = Debug|Any CPU
		{DCB87FD6-BCC8-4FB7-B743-A756F8FB9F58}.Debug|Any CPU.Deploy.0 = Debug|Any CPU
		{DCB87FD6-BCC8-4FB7-B743-A756F8FB9F58}.Debug|ARM.ActiveCfg = Debug|Any CPU
		{DCB87FD6-BCC8-4FB7-B743-A756F8FB9F58}.Debug|ARM.Build.0 = Debug|Any CPU
		{DCB87FD6-BCC8-4FB7-B743-A756F8FB9F58}.Debug|ARM.Deploy.0 = Debug|Any CPU
		{DCB87FD6-BCC8-4FB7-B743-A756F8FB9F58}.Debug|iPhone.ActiveCfg = Debug|Any CPU
		{DCB87FD6-BCC8-4FB7-B743-A756F8FB9F58}.Debug|iPhone.Build.0 = Debug|Any CPU
		{DCB87FD6-BCC8-4FB7-B743-A756F8FB9F58}.Debug|iPhone.Deploy.0 = Debug|Any CPU
		{DCB87FD6-BCC8-4FB7-B743-A756F8FB9F58}.Debug|iPhoneSimulator.ActiveCfg = Debug|Any CPU
		{DCB87FD6-BCC8-4FB7-B743-A756F8FB9F58}.Debug|iPhoneSimulator.Build.0 = Debug|Any CPU
		{DCB87FD6-BCC8-4FB7-B743-A756F8FB9F58}.Debug|iPhoneSimulator.Deploy.0 = Debug|Any CPU
		{DCB87FD6-BCC8-4FB7-B743-A756F8FB9F58}.Debug|x64.ActiveCfg = Debug|Any CPU
		{DCB87FD6-BCC8-4FB7-B743-A756F8FB9F58}.Debug|x64.Build.0 = Debug|Any CPU
		{DCB87FD6-BCC8-4FB7-B743-A756F8FB9F58}.Debug|x64.Deploy.0 = Debug|Any CPU
		{DCB87FD6-BCC8-4FB7-B743-A756F8FB9F58}.Debug|x86.ActiveCfg = Debug|Any CPU
		{DCB87FD6-BCC8-4FB7-B743-A756F8FB9F58}.Debug|x86.Build.0 = Debug|Any CPU
		{DCB87FD6-BCC8-4FB7-B743-A756F8FB9F58}.Debug|x86.Deploy.0 = Debug|Any CPU
		{DCB87FD6-BCC8-4FB7-B743-A756F8FB9F58}.Release|Any CPU.ActiveCfg = Release|Any CPU
		{DCB87FD6-BCC8-4FB7-B743-A756F8FB9F58}.Release|Any CPU.Build.0 = Release|Any CPU
		{DCB87FD6-BCC8-4FB7-B743-A756F8FB9F58}.Release|Any CPU.Deploy.0 = Release|Any CPU
		{DCB87FD6-BCC8-4FB7-B743-A756F8FB9F58}.Release|ARM.ActiveCfg = Release|Any CPU
		{DCB87FD6-BCC8-4FB7-B743-A756F8FB9F58}.Release|ARM.Build.0 = Release|Any CPU
		{DCB87FD6-BCC8-4FB7-B743-A756F8FB9F58}.Release|ARM.Deploy.0 = Release|Any CPU
		{DCB87FD6-BCC8-4FB7-B743-A756F8FB9F58}.Release|iPhone.ActiveCfg = Release|Any CPU
		{DCB87FD6-BCC8-4FB7-B743-A756F8FB9F58}.Release|iPhone.Build.0 = Release|Any CPU
		{DCB87FD6-BCC8-4FB7-B743-A756F8FB9F58}.Release|iPhone.Deploy.0 = Release|Any CPU
		{DCB87FD6-BCC8-4FB7-B743-A756F8FB9F58}.Release|iPhoneSimulator.ActiveCfg = Release|Any CPU
		{DCB87FD6-BCC8-4FB7-B743-A756F8FB9F58}.Release|iPhoneSimulator.Build.0 = Release|Any CPU
		{DCB87FD6-BCC8-4FB7-B743-A756F8FB9F58}.Release|iPhoneSimulator.Deploy.0 = Release|Any CPU
		{DCB87FD6-BCC8-4FB7-B743-A756F8FB9F58}.Release|x64.ActiveCfg = Release|Any CPU
		{DCB87FD6-BCC8-4FB7-B743-A756F8FB9F58}.Release|x64.Build.0 = Release|Any CPU
		{DCB87FD6-BCC8-4FB7-B743-A756F8FB9F58}.Release|x64.Deploy.0 = Release|Any CPU
		{DCB87FD6-BCC8-4FB7-B743-A756F8FB9F58}.Release|x86.ActiveCfg = Release|Any CPU
		{DCB87FD6-BCC8-4FB7-B743-A756F8FB9F58}.Release|x86.Build.0 = Release|Any CPU
		{DCB87FD6-BCC8-4FB7-B743-A756F8FB9F58}.Release|x86.Deploy.0 = Release|Any CPU
		{121472EC-D338-4EC0-B977-D1433F9F58EB}.Ad-Hoc|Any CPU.ActiveCfg = Ad-Hoc|iPhone
		{121472EC-D338-4EC0-B977-D1433F9F58EB}.Ad-Hoc|ARM.ActiveCfg = Ad-Hoc|iPhone
		{121472EC-D338-4EC0-B977-D1433F9F58EB}.Ad-Hoc|iPhone.ActiveCfg = Ad-Hoc|iPhone
		{121472EC-D338-4EC0-B977-D1433F9F58EB}.Ad-Hoc|iPhone.Build.0 = Ad-Hoc|iPhone
		{121472EC-D338-4EC0-B977-D1433F9F58EB}.Ad-Hoc|iPhoneSimulator.ActiveCfg = Ad-Hoc|iPhoneSimulator
		{121472EC-D338-4EC0-B977-D1433F9F58EB}.Ad-Hoc|iPhoneSimulator.Build.0 = Ad-Hoc|iPhoneSimulator
		{121472EC-D338-4EC0-B977-D1433F9F58EB}.Ad-Hoc|x64.ActiveCfg = Ad-Hoc|iPhone
		{121472EC-D338-4EC0-B977-D1433F9F58EB}.Ad-Hoc|x86.ActiveCfg = Ad-Hoc|iPhone
		{121472EC-D338-4EC0-B977-D1433F9F58EB}.AppStore|Any CPU.ActiveCfg = AppStore|iPhone
		{121472EC-D338-4EC0-B977-D1433F9F58EB}.AppStore|ARM.ActiveCfg = AppStore|iPhone
		{121472EC-D338-4EC0-B977-D1433F9F58EB}.AppStore|iPhone.ActiveCfg = AppStore|iPhone
		{121472EC-D338-4EC0-B977-D1433F9F58EB}.AppStore|iPhone.Build.0 = AppStore|iPhone
		{121472EC-D338-4EC0-B977-D1433F9F58EB}.AppStore|iPhoneSimulator.ActiveCfg = AppStore|iPhoneSimulator
		{121472EC-D338-4EC0-B977-D1433F9F58EB}.AppStore|iPhoneSimulator.Build.0 = AppStore|iPhoneSimulator
		{121472EC-D338-4EC0-B977-D1433F9F58EB}.AppStore|x64.ActiveCfg = AppStore|iPhone
		{121472EC-D338-4EC0-B977-D1433F9F58EB}.AppStore|x86.ActiveCfg = AppStore|iPhone
		{121472EC-D338-4EC0-B977-D1433F9F58EB}.Debug|Any CPU.ActiveCfg = Debug|iPhone
		{121472EC-D338-4EC0-B977-D1433F9F58EB}.Debug|ARM.ActiveCfg = Debug|iPhone
		{121472EC-D338-4EC0-B977-D1433F9F58EB}.Debug|iPhone.ActiveCfg = Debug|iPhone
		{121472EC-D338-4EC0-B977-D1433F9F58EB}.Debug|iPhone.Build.0 = Debug|iPhone
		{121472EC-D338-4EC0-B977-D1433F9F58EB}.Debug|iPhoneSimulator.ActiveCfg = Debug|iPhoneSimulator
		{121472EC-D338-4EC0-B977-D1433F9F58EB}.Debug|iPhoneSimulator.Build.0 = Debug|iPhoneSimulator
		{121472EC-D338-4EC0-B977-D1433F9F58EB}.Debug|x64.ActiveCfg = Debug|iPhone
		{121472EC-D338-4EC0-B977-D1433F9F58EB}.Debug|x86.ActiveCfg = Debug|iPhone
		{121472EC-D338-4EC0-B977-D1433F9F58EB}.Release|Any CPU.ActiveCfg = Release|iPhone
		{121472EC-D338-4EC0-B977-D1433F9F58EB}.Release|ARM.ActiveCfg = Release|iPhone
		{121472EC-D338-4EC0-B977-D1433F9F58EB}.Release|iPhone.ActiveCfg = Release|iPhone
		{121472EC-D338-4EC0-B977-D1433F9F58EB}.Release|iPhone.Build.0 = Release|iPhone
		{121472EC-D338-4EC0-B977-D1433F9F58EB}.Release|iPhoneSimulator.ActiveCfg = Release|iPhoneSimulator
		{121472EC-D338-4EC0-B977-D1433F9F58EB}.Release|iPhoneSimulator.Build.0 = Release|iPhoneSimulator
		{121472EC-D338-4EC0-B977-D1433F9F58EB}.Release|x64.ActiveCfg = Release|iPhone
		{121472EC-D338-4EC0-B977-D1433F9F58EB}.Release|x86.ActiveCfg = Release|iPhone
		{3FBA9E15-D586-4793-A621-579F71DEAEEF}.Ad-Hoc|Any CPU.ActiveCfg = Release|Any CPU
		{3FBA9E15-D586-4793-A621-579F71DEAEEF}.Ad-Hoc|Any CPU.Build.0 = Release|Any CPU
		{3FBA9E15-D586-4793-A621-579F71DEAEEF}.Ad-Hoc|Any CPU.Deploy.0 = Release|Any CPU
		{3FBA9E15-D586-4793-A621-579F71DEAEEF}.Ad-Hoc|ARM.ActiveCfg = Release|ARM
		{3FBA9E15-D586-4793-A621-579F71DEAEEF}.Ad-Hoc|ARM.Build.0 = Release|ARM
		{3FBA9E15-D586-4793-A621-579F71DEAEEF}.Ad-Hoc|ARM.Deploy.0 = Release|ARM
		{3FBA9E15-D586-4793-A621-579F71DEAEEF}.Ad-Hoc|iPhone.ActiveCfg = Release|Any CPU
		{3FBA9E15-D586-4793-A621-579F71DEAEEF}.Ad-Hoc|iPhone.Build.0 = Release|Any CPU
		{3FBA9E15-D586-4793-A621-579F71DEAEEF}.Ad-Hoc|iPhone.Deploy.0 = Release|Any CPU
		{3FBA9E15-D586-4793-A621-579F71DEAEEF}.Ad-Hoc|iPhoneSimulator.ActiveCfg = Release|Any CPU
		{3FBA9E15-D586-4793-A621-579F71DEAEEF}.Ad-Hoc|iPhoneSimulator.Build.0 = Release|Any CPU
		{3FBA9E15-D586-4793-A621-579F71DEAEEF}.Ad-Hoc|iPhoneSimulator.Deploy.0 = Release|Any CPU
		{3FBA9E15-D586-4793-A621-579F71DEAEEF}.Ad-Hoc|x64.ActiveCfg = Release|Any CPU
		{3FBA9E15-D586-4793-A621-579F71DEAEEF}.Ad-Hoc|x64.Build.0 = Release|Any CPU
		{3FBA9E15-D586-4793-A621-579F71DEAEEF}.Ad-Hoc|x64.Deploy.0 = Release|Any CPU
		{3FBA9E15-D586-4793-A621-579F71DEAEEF}.Ad-Hoc|x86.ActiveCfg = Release|x86
		{3FBA9E15-D586-4793-A621-579F71DEAEEF}.Ad-Hoc|x86.Build.0 = Release|x86
		{3FBA9E15-D586-4793-A621-579F71DEAEEF}.Ad-Hoc|x86.Deploy.0 = Release|x86
		{3FBA9E15-D586-4793-A621-579F71DEAEEF}.AppStore|Any CPU.ActiveCfg = Release|Any CPU
		{3FBA9E15-D586-4793-A621-579F71DEAEEF}.AppStore|Any CPU.Build.0 = Release|Any CPU
		{3FBA9E15-D586-4793-A621-579F71DEAEEF}.AppStore|Any CPU.Deploy.0 = Release|Any CPU
		{3FBA9E15-D586-4793-A621-579F71DEAEEF}.AppStore|ARM.ActiveCfg = Release|ARM
		{3FBA9E15-D586-4793-A621-579F71DEAEEF}.AppStore|ARM.Build.0 = Release|ARM
		{3FBA9E15-D586-4793-A621-579F71DEAEEF}.AppStore|ARM.Deploy.0 = Release|ARM
		{3FBA9E15-D586-4793-A621-579F71DEAEEF}.AppStore|iPhone.ActiveCfg = Release|Any CPU
		{3FBA9E15-D586-4793-A621-579F71DEAEEF}.AppStore|iPhone.Build.0 = Release|Any CPU
		{3FBA9E15-D586-4793-A621-579F71DEAEEF}.AppStore|iPhone.Deploy.0 = Release|Any CPU
		{3FBA9E15-D586-4793-A621-579F71DEAEEF}.AppStore|iPhoneSimulator.ActiveCfg = Release|Any CPU
		{3FBA9E15-D586-4793-A621-579F71DEAEEF}.AppStore|iPhoneSimulator.Build.0 = Release|Any CPU
		{3FBA9E15-D586-4793-A621-579F71DEAEEF}.AppStore|iPhoneSimulator.Deploy.0 = Release|Any CPU
		{3FBA9E15-D586-4793-A621-579F71DEAEEF}.AppStore|x64.ActiveCfg = Release|Any CPU
		{3FBA9E15-D586-4793-A621-579F71DEAEEF}.AppStore|x64.Build.0 = Release|Any CPU
		{3FBA9E15-D586-4793-A621-579F71DEAEEF}.AppStore|x64.Deploy.0 = Release|Any CPU
		{3FBA9E15-D586-4793-A621-579F71DEAEEF}.AppStore|x86.ActiveCfg = Release|x86
		{3FBA9E15-D586-4793-A621-579F71DEAEEF}.AppStore|x86.Build.0 = Release|x86
		{3FBA9E15-D586-4793-A621-579F71DEAEEF}.AppStore|x86.Deploy.0 = Release|x86
		{3FBA9E15-D586-4793-A621-579F71DEAEEF}.Debug|Any CPU.ActiveCfg = Debug|Any CPU
		{3FBA9E15-D586-4793-A621-579F71DEAEEF}.Debug|Any CPU.Build.0 = Debug|Any CPU
		{3FBA9E15-D586-4793-A621-579F71DEAEEF}.Debug|Any CPU.Deploy.0 = Debug|Any CPU
		{3FBA9E15-D586-4793-A621-579F71DEAEEF}.Debug|ARM.ActiveCfg = Debug|ARM
		{3FBA9E15-D586-4793-A621-579F71DEAEEF}.Debug|ARM.Build.0 = Debug|ARM
		{3FBA9E15-D586-4793-A621-579F71DEAEEF}.Debug|ARM.Deploy.0 = Debug|ARM
		{3FBA9E15-D586-4793-A621-579F71DEAEEF}.Debug|iPhone.ActiveCfg = Debug|Any CPU
		{3FBA9E15-D586-4793-A621-579F71DEAEEF}.Debug|iPhone.Build.0 = Debug|Any CPU
		{3FBA9E15-D586-4793-A621-579F71DEAEEF}.Debug|iPhone.Deploy.0 = Debug|Any CPU
		{3FBA9E15-D586-4793-A621-579F71DEAEEF}.Debug|iPhoneSimulator.ActiveCfg = Debug|Any CPU
		{3FBA9E15-D586-4793-A621-579F71DEAEEF}.Debug|iPhoneSimulator.Build.0 = Debug|Any CPU
		{3FBA9E15-D586-4793-A621-579F71DEAEEF}.Debug|iPhoneSimulator.Deploy.0 = Debug|Any CPU
		{3FBA9E15-D586-4793-A621-579F71DEAEEF}.Debug|x64.ActiveCfg = Debug|Any CPU
		{3FBA9E15-D586-4793-A621-579F71DEAEEF}.Debug|x64.Build.0 = Debug|Any CPU
		{3FBA9E15-D586-4793-A621-579F71DEAEEF}.Debug|x64.Deploy.0 = Debug|Any CPU
		{3FBA9E15-D586-4793-A621-579F71DEAEEF}.Debug|x86.ActiveCfg = Debug|x86
		{3FBA9E15-D586-4793-A621-579F71DEAEEF}.Debug|x86.Build.0 = Debug|x86
		{3FBA9E15-D586-4793-A621-579F71DEAEEF}.Debug|x86.Deploy.0 = Debug|x86
		{3FBA9E15-D586-4793-A621-579F71DEAEEF}.Release|Any CPU.ActiveCfg = Release|Any CPU
		{3FBA9E15-D586-4793-A621-579F71DEAEEF}.Release|Any CPU.Build.0 = Release|Any CPU
		{3FBA9E15-D586-4793-A621-579F71DEAEEF}.Release|Any CPU.Deploy.0 = Release|Any CPU
		{3FBA9E15-D586-4793-A621-579F71DEAEEF}.Release|ARM.ActiveCfg = Release|ARM
		{3FBA9E15-D586-4793-A621-579F71DEAEEF}.Release|ARM.Build.0 = Release|ARM
		{3FBA9E15-D586-4793-A621-579F71DEAEEF}.Release|ARM.Deploy.0 = Release|ARM
		{3FBA9E15-D586-4793-A621-579F71DEAEEF}.Release|iPhone.ActiveCfg = Release|Any CPU
		{3FBA9E15-D586-4793-A621-579F71DEAEEF}.Release|iPhone.Build.0 = Release|Any CPU
		{3FBA9E15-D586-4793-A621-579F71DEAEEF}.Release|iPhone.Deploy.0 = Release|Any CPU
		{3FBA9E15-D586-4793-A621-579F71DEAEEF}.Release|iPhoneSimulator.ActiveCfg = Release|Any CPU
		{3FBA9E15-D586-4793-A621-579F71DEAEEF}.Release|iPhoneSimulator.Build.0 = Release|Any CPU
		{3FBA9E15-D586-4793-A621-579F71DEAEEF}.Release|iPhoneSimulator.Deploy.0 = Release|Any CPU
		{3FBA9E15-D586-4793-A621-579F71DEAEEF}.Release|x64.ActiveCfg = Release|Any CPU
		{3FBA9E15-D586-4793-A621-579F71DEAEEF}.Release|x64.Build.0 = Release|Any CPU
		{3FBA9E15-D586-4793-A621-579F71DEAEEF}.Release|x64.Deploy.0 = Release|Any CPU
		{3FBA9E15-D586-4793-A621-579F71DEAEEF}.Release|x86.ActiveCfg = Release|x86
		{3FBA9E15-D586-4793-A621-579F71DEAEEF}.Release|x86.Build.0 = Release|x86
		{3FBA9E15-D586-4793-A621-579F71DEAEEF}.Release|x86.Deploy.0 = Release|x86
		{D24FE036-606A-4166-A970-774513469131}.Ad-Hoc|Any CPU.ActiveCfg = Release|Any CPU
		{D24FE036-606A-4166-A970-774513469131}.Ad-Hoc|Any CPU.Build.0 = Release|Any CPU
		{D24FE036-606A-4166-A970-774513469131}.Ad-Hoc|Any CPU.Deploy.0 = Release|Any CPU
		{D24FE036-606A-4166-A970-774513469131}.Ad-Hoc|ARM.ActiveCfg = Release|ARM
		{D24FE036-606A-4166-A970-774513469131}.Ad-Hoc|ARM.Build.0 = Release|ARM
		{D24FE036-606A-4166-A970-774513469131}.Ad-Hoc|ARM.Deploy.0 = Release|ARM
		{D24FE036-606A-4166-A970-774513469131}.Ad-Hoc|iPhone.ActiveCfg = Release|Any CPU
		{D24FE036-606A-4166-A970-774513469131}.Ad-Hoc|iPhone.Build.0 = Release|Any CPU
		{D24FE036-606A-4166-A970-774513469131}.Ad-Hoc|iPhone.Deploy.0 = Release|Any CPU
		{D24FE036-606A-4166-A970-774513469131}.Ad-Hoc|iPhoneSimulator.ActiveCfg = Release|Any CPU
		{D24FE036-606A-4166-A970-774513469131}.Ad-Hoc|iPhoneSimulator.Build.0 = Release|Any CPU
		{D24FE036-606A-4166-A970-774513469131}.Ad-Hoc|iPhoneSimulator.Deploy.0 = Release|Any CPU
		{D24FE036-606A-4166-A970-774513469131}.Ad-Hoc|x64.ActiveCfg = Release|x64
		{D24FE036-606A-4166-A970-774513469131}.Ad-Hoc|x64.Build.0 = Release|x64
		{D24FE036-606A-4166-A970-774513469131}.Ad-Hoc|x64.Deploy.0 = Release|x64
		{D24FE036-606A-4166-A970-774513469131}.Ad-Hoc|x86.ActiveCfg = Release|x86
		{D24FE036-606A-4166-A970-774513469131}.Ad-Hoc|x86.Build.0 = Release|x86
		{D24FE036-606A-4166-A970-774513469131}.Ad-Hoc|x86.Deploy.0 = Release|x86
		{D24FE036-606A-4166-A970-774513469131}.AppStore|Any CPU.ActiveCfg = Release|Any CPU
		{D24FE036-606A-4166-A970-774513469131}.AppStore|Any CPU.Build.0 = Release|Any CPU
		{D24FE036-606A-4166-A970-774513469131}.AppStore|Any CPU.Deploy.0 = Release|Any CPU
		{D24FE036-606A-4166-A970-774513469131}.AppStore|ARM.ActiveCfg = Release|ARM
		{D24FE036-606A-4166-A970-774513469131}.AppStore|ARM.Build.0 = Release|ARM
		{D24FE036-606A-4166-A970-774513469131}.AppStore|ARM.Deploy.0 = Release|ARM
		{D24FE036-606A-4166-A970-774513469131}.AppStore|iPhone.ActiveCfg = Release|Any CPU
		{D24FE036-606A-4166-A970-774513469131}.AppStore|iPhone.Build.0 = Release|Any CPU
		{D24FE036-606A-4166-A970-774513469131}.AppStore|iPhone.Deploy.0 = Release|Any CPU
		{D24FE036-606A-4166-A970-774513469131}.AppStore|iPhoneSimulator.ActiveCfg = Release|Any CPU
		{D24FE036-606A-4166-A970-774513469131}.AppStore|iPhoneSimulator.Build.0 = Release|Any CPU
		{D24FE036-606A-4166-A970-774513469131}.AppStore|iPhoneSimulator.Deploy.0 = Release|Any CPU
		{D24FE036-606A-4166-A970-774513469131}.AppStore|x64.ActiveCfg = Release|x64
		{D24FE036-606A-4166-A970-774513469131}.AppStore|x64.Build.0 = Release|x64
		{D24FE036-606A-4166-A970-774513469131}.AppStore|x64.Deploy.0 = Release|x64
		{D24FE036-606A-4166-A970-774513469131}.AppStore|x86.ActiveCfg = Release|x86
		{D24FE036-606A-4166-A970-774513469131}.AppStore|x86.Build.0 = Release|x86
		{D24FE036-606A-4166-A970-774513469131}.AppStore|x86.Deploy.0 = Release|x86
		{D24FE036-606A-4166-A970-774513469131}.Debug|Any CPU.ActiveCfg = Debug|Any CPU
		{D24FE036-606A-4166-A970-774513469131}.Debug|Any CPU.Build.0 = Debug|Any CPU
		{D24FE036-606A-4166-A970-774513469131}.Debug|Any CPU.Deploy.0 = Debug|Any CPU
		{D24FE036-606A-4166-A970-774513469131}.Debug|ARM.ActiveCfg = Debug|ARM
		{D24FE036-606A-4166-A970-774513469131}.Debug|ARM.Build.0 = Debug|ARM
		{D24FE036-606A-4166-A970-774513469131}.Debug|ARM.Deploy.0 = Debug|ARM
		{D24FE036-606A-4166-A970-774513469131}.Debug|iPhone.ActiveCfg = Debug|Any CPU
		{D24FE036-606A-4166-A970-774513469131}.Debug|iPhone.Build.0 = Debug|Any CPU
		{D24FE036-606A-4166-A970-774513469131}.Debug|iPhone.Deploy.0 = Debug|Any CPU
		{D24FE036-606A-4166-A970-774513469131}.Debug|iPhoneSimulator.ActiveCfg = Debug|Any CPU
		{D24FE036-606A-4166-A970-774513469131}.Debug|iPhoneSimulator.Build.0 = Debug|Any CPU
		{D24FE036-606A-4166-A970-774513469131}.Debug|iPhoneSimulator.Deploy.0 = Debug|Any CPU
		{D24FE036-606A-4166-A970-774513469131}.Debug|x64.ActiveCfg = Debug|x64
		{D24FE036-606A-4166-A970-774513469131}.Debug|x64.Build.0 = Debug|x64
		{D24FE036-606A-4166-A970-774513469131}.Debug|x64.Deploy.0 = Debug|x64
		{D24FE036-606A-4166-A970-774513469131}.Debug|x86.ActiveCfg = Debug|x86
		{D24FE036-606A-4166-A970-774513469131}.Debug|x86.Build.0 = Debug|x86
		{D24FE036-606A-4166-A970-774513469131}.Debug|x86.Deploy.0 = Debug|x86
		{D24FE036-606A-4166-A970-774513469131}.Release|Any CPU.ActiveCfg = Release|Any CPU
		{D24FE036-606A-4166-A970-774513469131}.Release|Any CPU.Build.0 = Release|Any CPU
		{D24FE036-606A-4166-A970-774513469131}.Release|Any CPU.Deploy.0 = Release|Any CPU
		{D24FE036-606A-4166-A970-774513469131}.Release|ARM.ActiveCfg = Release|ARM
		{D24FE036-606A-4166-A970-774513469131}.Release|ARM.Build.0 = Release|ARM
		{D24FE036-606A-4166-A970-774513469131}.Release|ARM.Deploy.0 = Release|ARM
		{D24FE036-606A-4166-A970-774513469131}.Release|iPhone.ActiveCfg = Release|Any CPU
		{D24FE036-606A-4166-A970-774513469131}.Release|iPhone.Build.0 = Release|Any CPU
		{D24FE036-606A-4166-A970-774513469131}.Release|iPhone.Deploy.0 = Release|Any CPU
		{D24FE036-606A-4166-A970-774513469131}.Release|iPhoneSimulator.ActiveCfg = Release|Any CPU
		{D24FE036-606A-4166-A970-774513469131}.Release|iPhoneSimulator.Build.0 = Release|Any CPU
		{D24FE036-606A-4166-A970-774513469131}.Release|iPhoneSimulator.Deploy.0 = Release|Any CPU
		{D24FE036-606A-4166-A970-774513469131}.Release|x64.ActiveCfg = Release|x64
		{D24FE036-606A-4166-A970-774513469131}.Release|x64.Build.0 = Release|x64
		{D24FE036-606A-4166-A970-774513469131}.Release|x64.Deploy.0 = Release|x64
		{D24FE036-606A-4166-A970-774513469131}.Release|x86.ActiveCfg = Release|x86
		{D24FE036-606A-4166-A970-774513469131}.Release|x86.Build.0 = Release|x86
		{D24FE036-606A-4166-A970-774513469131}.Release|x86.Deploy.0 = Release|x86
		{42705F16-1A50-4A38-961C-7ED788FD2361}.Ad-Hoc|Any CPU.ActiveCfg = Release|Any CPU
		{42705F16-1A50-4A38-961C-7ED788FD2361}.Ad-Hoc|Any CPU.Build.0 = Release|Any CPU
		{42705F16-1A50-4A38-961C-7ED788FD2361}.Ad-Hoc|ARM.ActiveCfg = Release|Any CPU
		{42705F16-1A50-4A38-961C-7ED788FD2361}.Ad-Hoc|ARM.Build.0 = Release|Any CPU
		{42705F16-1A50-4A38-961C-7ED788FD2361}.Ad-Hoc|iPhone.ActiveCfg = Release|Any CPU
		{42705F16-1A50-4A38-961C-7ED788FD2361}.Ad-Hoc|iPhone.Build.0 = Release|Any CPU
		{42705F16-1A50-4A38-961C-7ED788FD2361}.Ad-Hoc|iPhoneSimulator.ActiveCfg = Release|Any CPU
		{42705F16-1A50-4A38-961C-7ED788FD2361}.Ad-Hoc|iPhoneSimulator.Build.0 = Release|Any CPU
		{42705F16-1A50-4A38-961C-7ED788FD2361}.Ad-Hoc|x64.ActiveCfg = Release|Any CPU
		{42705F16-1A50-4A38-961C-7ED788FD2361}.Ad-Hoc|x64.Build.0 = Release|Any CPU
		{42705F16-1A50-4A38-961C-7ED788FD2361}.Ad-Hoc|x86.ActiveCfg = Release|Any CPU
		{42705F16-1A50-4A38-961C-7ED788FD2361}.Ad-Hoc|x86.Build.0 = Release|Any CPU
		{42705F16-1A50-4A38-961C-7ED788FD2361}.AppStore|Any CPU.ActiveCfg = Release|Any CPU
		{42705F16-1A50-4A38-961C-7ED788FD2361}.AppStore|Any CPU.Build.0 = Release|Any CPU
		{42705F16-1A50-4A38-961C-7ED788FD2361}.AppStore|ARM.ActiveCfg = Release|Any CPU
		{42705F16-1A50-4A38-961C-7ED788FD2361}.AppStore|ARM.Build.0 = Release|Any CPU
		{42705F16-1A50-4A38-961C-7ED788FD2361}.AppStore|iPhone.ActiveCfg = Release|Any CPU
		{42705F16-1A50-4A38-961C-7ED788FD2361}.AppStore|iPhone.Build.0 = Release|Any CPU
		{42705F16-1A50-4A38-961C-7ED788FD2361}.AppStore|iPhoneSimulator.ActiveCfg = Release|Any CPU
		{42705F16-1A50-4A38-961C-7ED788FD2361}.AppStore|iPhoneSimulator.Build.0 = Release|Any CPU
		{42705F16-1A50-4A38-961C-7ED788FD2361}.AppStore|x64.ActiveCfg = Release|Any CPU
		{42705F16-1A50-4A38-961C-7ED788FD2361}.AppStore|x64.Build.0 = Release|Any CPU
		{42705F16-1A50-4A38-961C-7ED788FD2361}.AppStore|x86.ActiveCfg = Release|Any CPU
		{42705F16-1A50-4A38-961C-7ED788FD2361}.AppStore|x86.Build.0 = Release|Any CPU
		{42705F16-1A50-4A38-961C-7ED788FD2361}.Debug|Any CPU.ActiveCfg = Debug|Any CPU
		{42705F16-1A50-4A38-961C-7ED788FD2361}.Debug|Any CPU.Build.0 = Debug|Any CPU
		{42705F16-1A50-4A38-961C-7ED788FD2361}.Debug|ARM.ActiveCfg = Debug|Any CPU
		{42705F16-1A50-4A38-961C-7ED788FD2361}.Debug|ARM.Build.0 = Debug|Any CPU
		{42705F16-1A50-4A38-961C-7ED788FD2361}.Debug|iPhone.ActiveCfg = Debug|Any CPU
		{42705F16-1A50-4A38-961C-7ED788FD2361}.Debug|iPhone.Build.0 = Debug|Any CPU
		{42705F16-1A50-4A38-961C-7ED788FD2361}.Debug|iPhoneSimulator.ActiveCfg = Debug|Any CPU
		{42705F16-1A50-4A38-961C-7ED788FD2361}.Debug|iPhoneSimulator.Build.0 = Debug|Any CPU
		{42705F16-1A50-4A38-961C-7ED788FD2361}.Debug|x64.ActiveCfg = Debug|Any CPU
		{42705F16-1A50-4A38-961C-7ED788FD2361}.Debug|x64.Build.0 = Debug|Any CPU
		{42705F16-1A50-4A38-961C-7ED788FD2361}.Debug|x86.ActiveCfg = Debug|Any CPU
		{42705F16-1A50-4A38-961C-7ED788FD2361}.Debug|x86.Build.0 = Debug|Any CPU
		{42705F16-1A50-4A38-961C-7ED788FD2361}.Release|Any CPU.ActiveCfg = Release|Any CPU
		{42705F16-1A50-4A38-961C-7ED788FD2361}.Release|Any CPU.Build.0 = Release|Any CPU
		{42705F16-1A50-4A38-961C-7ED788FD2361}.Release|ARM.ActiveCfg = Release|Any CPU
		{42705F16-1A50-4A38-961C-7ED788FD2361}.Release|ARM.Build.0 = Release|Any CPU
		{42705F16-1A50-4A38-961C-7ED788FD2361}.Release|iPhone.ActiveCfg = Release|Any CPU
		{42705F16-1A50-4A38-961C-7ED788FD2361}.Release|iPhone.Build.0 = Release|Any CPU
		{42705F16-1A50-4A38-961C-7ED788FD2361}.Release|iPhoneSimulator.ActiveCfg = Release|Any CPU
		{42705F16-1A50-4A38-961C-7ED788FD2361}.Release|iPhoneSimulator.Build.0 = Release|Any CPU
		{42705F16-1A50-4A38-961C-7ED788FD2361}.Release|x64.ActiveCfg = Release|Any CPU
		{42705F16-1A50-4A38-961C-7ED788FD2361}.Release|x64.Build.0 = Release|Any CPU
		{42705F16-1A50-4A38-961C-7ED788FD2361}.Release|x86.ActiveCfg = Release|Any CPU
		{42705F16-1A50-4A38-961C-7ED788FD2361}.Release|x86.Build.0 = Release|Any CPU
	EndGlobalSection
	GlobalSection(SolutionProperties) = preSolution
		HideSolutionNode = FALSE
	EndGlobalSection
EndGlobal
